{
  "lockfileVersion": 1,
  "workspaces": {
    "": {
      "name": "dotfiles",
      "dependencies": {
        "chalk": "5.3.0",
        "gunshi": "0.26.3",
      },
      "devDependencies": {
        "@prettier/plugin-oxc": "latest",
        "@types/bun": "1.2.2",
        "@types/node": "22.10.6",
        "@typescript/native-preview": "7.0.0-dev.20250904.1",
        "oxlint": "0.15.2",
        "prettier": "latest",
      },
    },
  },
  "packages": {
    "@emnapi/core": ["@emnapi/core@1.5.0", "", { "dependencies": { "@emnapi/wasi-threads": "1.1.0", "tslib": "^2.4.0" } }, "sha512-sbP8GzB1WDzacS8fgNPpHlp6C9VZe+SJP3F90W9rLemaQj2PzIuTEl1qDOYQf58YIpyjViI24y9aPWCjEzY2cg=="],

    "@emnapi/runtime": ["@emnapi/runtime@1.5.0", "", { "dependencies": { "tslib": "^2.4.0" } }, "sha512-97/BJ3iXHww3djw6hYIfErCZFee7qCtrneuLa20UXFCOTCfBM2cvQHjWJ2EG0s0MtdNwInarqCTz35i4wWXHsQ=="],

    "@emnapi/wasi-threads": ["@emnapi/wasi-threads@1.1.0", "", { "dependencies": { "tslib": "^2.4.0" } }, "sha512-WI0DdZ8xFSbgMjR1sFsKABJ/C5OnRrjT06JXbZKexJGrDuPTzZdDYfFlsgcCXCyf+suG5QU2e/y1Wo2V/OapLQ=="],

    "@napi-rs/wasm-runtime": ["@napi-rs/wasm-runtime@0.2.12", "", { "dependencies": { "@emnapi/core": "^1.4.3", "@emnapi/runtime": "^1.4.3", "@tybys/wasm-util": "^0.10.0" } }, "sha512-ZVWUcfwY4E/yPitQJl481FjFo3K22D6qF0DuFH6Y/nbnE11GY5uguDxZMGXPQ8WQ0128MXQD7TnfHyK4oWoIJQ=="],

    "@oxc-parser/binding-android-arm64": ["@oxc-parser/binding-android-arm64@0.74.0", "", { "os": "android", "cpu": "arm64" }, "sha512-lgq8TJq22eyfojfa2jBFy2m66ckAo7iNRYDdyn9reXYA3I6Wx7tgGWVx1JAp1lO+aUiqdqP/uPlDaETL9tqRcg=="],

    "@oxc-parser/binding-darwin-arm64": ["@oxc-parser/binding-darwin-arm64@0.74.0", "", { "os": "darwin", "cpu": "arm64" }, "sha512-xbY/io/hkARggbpYEMFX6CwFzb7f4iS6WuBoBeZtdqRWfIEi7sm/uYWXfyVeB8uqOATvJ07WRFC2upI8PSI83g=="],

    "@oxc-parser/binding-darwin-x64": ["@oxc-parser/binding-darwin-x64@0.74.0", "", { "os": "darwin", "cpu": "x64" }, "sha512-FIj2gAGtFaW0Zk+TnGyenMUoRu1ju+kJ/h71D77xc1owOItbFZFGa+4WSVck1H8rTtceeJlK+kux+vCjGFCl9Q=="],

    "@oxc-parser/binding-freebsd-x64": ["@oxc-parser/binding-freebsd-x64@0.74.0", "", { "os": "freebsd", "cpu": "x64" }, "sha512-W1I+g5TJg0TRRMHgEWNWsTIfe782V3QuaPgZxnfPNmDMywYdtlzllzclBgaDq6qzvZCCQc/UhvNb37KWTCTj8A=="],

    "@oxc-parser/binding-linux-arm-gnueabihf": ["@oxc-parser/binding-linux-arm-gnueabihf@0.74.0", "", { "os": "linux", "cpu": "arm" }, "sha512-gxqkyRGApeVI8dgvJ19SYe59XASW3uVxF1YUgkE7peW/XIg5QRAOVTFKyTjI9acYuK1MF6OJHqx30cmxmZLtiQ=="],

    "@oxc-parser/binding-linux-arm-musleabihf": ["@oxc-parser/binding-linux-arm-musleabihf@0.74.0", "", { "os": "linux", "cpu": "arm" }, "sha512-jpnAUP4Fa93VdPPDzxxBguJmldj/Gpz7wTXKFzpAueqBMfZsy9KNC+0qT2uZ9HGUDMzNuKw0Se3bPCpL/gfD2Q=="],

    "@oxc-parser/binding-linux-arm64-gnu": ["@oxc-parser/binding-linux-arm64-gnu@0.74.0", "", { "os": "linux", "cpu": "arm64" }, "sha512-fcWyM7BNfCkHqIf3kll8fJctbR/PseL4RnS2isD9Y3FFBhp4efGAzhDaxIUK5GK7kIcFh1P+puIRig8WJ6IMVQ=="],

    "@oxc-parser/binding-linux-arm64-musl": ["@oxc-parser/binding-linux-arm64-musl@0.74.0", "", { "os": "linux", "cpu": "arm64" }, "sha512-AMY30z/C77HgiRRJX7YtVUaelKq1ex0aaj28XoJu4SCezdS8i0IftUNTtGS1UzGjGZB8zQz5SFwVy4dRu4GLwg=="],

    "@oxc-parser/binding-linux-riscv64-gnu": ["@oxc-parser/binding-linux-riscv64-gnu@0.74.0", "", { "os": "linux", "cpu": "none" }, "sha512-/RZAP24TgZo4vV/01TBlzRqs0R7E6xvatww4LnmZEBBulQBU/SkypDywfriFqWuFoa61WFXPV7sLcTjJGjim/w=="],

    "@oxc-parser/binding-linux-s390x-gnu": ["@oxc-parser/binding-linux-s390x-gnu@0.74.0", "", { "os": "linux", "cpu": "s390x" }, "sha512-620J1beNAlGSPBD+Msb3ptvrwxu04B8iULCH03zlf0JSLy/5sqlD6qBs0XUVkUJv1vbakUw1gfVnUQqv0UTuEg=="],

    "@oxc-parser/binding-linux-x64-gnu": ["@oxc-parser/binding-linux-x64-gnu@0.74.0", "", { "os": "linux", "cpu": "x64" }, "sha512-WBFgQmGtFnPNzHyLKbC1wkYGaRIBxXGofO0+hz1xrrkPgbxbJS1Ukva1EB8sPaVBBQ52Bdc2GjLSp721NWRvww=="],

    "@oxc-parser/binding-linux-x64-musl": ["@oxc-parser/binding-linux-x64-musl@0.74.0", "", { "os": "linux", "cpu": "x64" }, "sha512-y4mapxi0RGqlp3t6Sm+knJlAEqdKDYrEue2LlXOka/F2i4sRN0XhEMPiSOB3ppHmvK4I2zY2XBYTsX1Fel0fAg=="],

    "@oxc-parser/binding-wasm32-wasi": ["@oxc-parser/binding-wasm32-wasi@0.74.0", "", { "dependencies": { "@napi-rs/wasm-runtime": "^0.2.11" }, "cpu": "none" }, "sha512-yDS9bRDh5ymobiS2xBmjlrGdUuU61IZoJBaJC5fELdYT5LJNBXlbr3Yc6m2PWfRJwkH6Aq5fRvxAZ4wCbkGa8w=="],

    "@oxc-parser/binding-win32-arm64-msvc": ["@oxc-parser/binding-win32-arm64-msvc@0.74.0", "", { "os": "win32", "cpu": "arm64" }, "sha512-XFWY52Rfb4N5wEbMCTSBMxRkDLGbAI9CBSL24BIDywwDJMl31gHEVlmHdCDRoXAmanCI6gwbXYTrWe0HvXJ7Aw=="],

    "@oxc-parser/binding-win32-x64-msvc": ["@oxc-parser/binding-win32-x64-msvc@0.74.0", "", { "os": "win32", "cpu": "x64" }, "sha512-1D3x6iU2apLyfTQHygbdaNbX3nZaHu4yaXpD7ilYpoLo7f0MX0tUuoDrqJyJrVGqvyXgc0uz4yXz9tH9ZZhvvg=="],

    "@oxc-project/types": ["@oxc-project/types@0.74.0", "", {}, "sha512-KOw/RZrVlHGhCXh1RufBFF7Nuo7HdY5w1lRJukM/igIl6x9qtz8QycDvZdzb4qnHO7znrPyo2sJrFJK2eKHgfQ=="],

    "@oxlint/darwin-arm64": ["@oxlint/darwin-arm64@0.15.2", "", { "os": "darwin", "cpu": "arm64" }, "sha512-0Qw3eOArmhNE0B516kbYuy6Bo41WukMoJGUElMYnSXv1lHgghH6dCBN5o3s1YKy665WVHg+Etd46/C865EASqA=="],

    "@oxlint/darwin-x64": ["@oxlint/darwin-x64@0.15.2", "", { "os": "darwin", "cpu": "x64" }, "sha512-NTMvRO4yih4rVw5OpwyO1LNFjZqfdgWv64da3+QvGGbvlZCvyMms0nFCyyT1DSyg+7jtcLmyTixKLJ3d4lYY5A=="],

    "@oxlint/linux-arm64-gnu": ["@oxlint/linux-arm64-gnu@0.15.2", "", { "os": "linux", "cpu": "arm64" }, "sha512-j1U82EVt5vHt0FmGf1Blo7EoLZZS+HNBylxI8axsAU+D7BbnHrN2taqyOQaGTwvpnkOs4OrXuLlCg7BDQX0FuQ=="],

    "@oxlint/linux-arm64-musl": ["@oxlint/linux-arm64-musl@0.15.2", "", { "os": "linux", "cpu": "arm64" }, "sha512-MaRktTWeA0HcFEcX9YbgCILuf3qVmBqU4Wctp6QGud0YDnpvrj2SRDhJqPFeAwf0j9W8pZ1UXZWtTalOEVULUw=="],

    "@oxlint/linux-x64-gnu": ["@oxlint/linux-x64-gnu@0.15.2", "", { "os": "linux", "cpu": "x64" }, "sha512-buuORJFuD7xSWR9q71gmnB0ygTRMTURlmi5lvDQz4tdEKkxGI2CX020NaagfKJjZ2JdIHCwdoSe6QsFOw3K9BQ=="],

    "@oxlint/linux-x64-musl": ["@oxlint/linux-x64-musl@0.15.2", "", { "os": "linux", "cpu": "x64" }, "sha512-f/OHa5jMfKgvUj5W2gzh3Ehsjwu/EWffUMN7vSrIVmRp20D5igf+B2o1D8LSq64BJAZH9BCvyQZH/xn/leshvQ=="],

    "@oxlint/win32-arm64": ["@oxlint/win32-arm64@0.15.2", "", { "os": "win32", "cpu": "arm64" }, "sha512-6d5WgybNtIt1f2TWSVVcbhWWfOOV8GyHUBoVCONVI6Iwu/LQayE78o/5Wyx3KVP9JS1tUy8zYZ6JitI3J9BC8g=="],

    "@oxlint/win32-x64": ["@oxlint/win32-x64@0.15.2", "", { "os": "win32", "cpu": "x64" }, "sha512-fQ/IDIiv3XnpnR4/t/BOPkwikCPdyUT26TPTyltPJ/4g/vPJqIB+7gBdO+xys531Y08dW8jZjGjvrhW1BAq5cw=="],

    "@prettier/plugin-oxc": ["@prettier/plugin-oxc@0.0.4", "", { "dependencies": { "oxc-parser": "0.74.0" } }, "sha512-UGXe+g/rSRbglL0FOJiar+a+nUrst7KaFmsg05wYbKiInGWP6eAj/f8A2Uobgo5KxEtb2X10zeflNH6RK2xeIQ=="],

    "@tybys/wasm-util": ["@tybys/wasm-util@0.10.0", "", { "dependencies": { "tslib": "^2.4.0" } }, "sha512-VyyPYFlOMNylG45GoAe0xDoLwWuowvf92F9kySqzYh8vmYm7D2u4iUJKa1tOUpS70Ku13ASrOkS4ScXFsTaCNQ=="],

    "@types/bun": ["@types/bun@1.2.2", "", { "dependencies": { "bun-types": "1.2.2" } }, "sha512-tr74gdku+AEDN5ergNiBnplr7hpDp3V1h7fqI2GcR/rsUaM39jpSeKH0TFibRvU0KwniRx5POgaYnaXbk0hU+w=="],

    "@types/node": ["@types/node@22.10.6", "", { "dependencies": { "undici-types": "~6.20.0" } }, "sha512-qNiuwC4ZDAUNcY47xgaSuS92cjf8JbSUoaKS77bmLG1rU7MlATVSiw/IlrjtIyyskXBZ8KkNfjK/P5na7rgXbQ=="],

    "@types/ws": ["@types/ws@8.5.14", "", { "dependencies": { "@types/node": "*" } }, "sha512-bd/YFLW+URhBzMXurx7lWByOu+xzU9+kb3RboOteXYDfW+tr+JZa99OyNmPINEGB/ahzKrEuc8rcv4gnpJmxTw=="],

    "@typescript/native-preview": ["@typescript/native-preview@7.0.0-dev.20250904.1", "", { "optionalDependencies": { "@typescript/native-preview-darwin-arm64": "7.0.0-dev.20250904.1", "@typescript/native-preview-darwin-x64": "7.0.0-dev.20250904.1", "@typescript/native-preview-linux-arm": "7.0.0-dev.20250904.1", "@typescript/native-preview-linux-arm64": "7.0.0-dev.20250904.1", "@typescript/native-preview-linux-x64": "7.0.0-dev.20250904.1", "@typescript/native-preview-win32-arm64": "7.0.0-dev.20250904.1", "@typescript/native-preview-win32-x64": "7.0.0-dev.20250904.1" }, "bin": { "tsgo": "bin/tsgo.js" } }, "sha512-IzPzhumNsWsIg4Kmt0y+0b2BBtsvD17rDmKj78yNeU3AsuA6xignQ5eDkFtRmLdGPVZwa8Yg5zPcJRFln98Ocw=="],

    "@typescript/native-preview-darwin-arm64": ["@typescript/native-preview-darwin-arm64@7.0.0-dev.20250904.1", "", { "os": "darwin", "cpu": "arm64" }, "sha512-1rt4DhERW1VM4OwWYVIrCp1k1S4kpZAxzbCnprNinVJInhHexY2K0FFD9IGXKWSRANHg/OmJRQYTEoDKM6pqNw=="],

    "@typescript/native-preview-darwin-x64": ["@typescript/native-preview-darwin-x64@7.0.0-dev.20250904.1", "", { "os": "darwin", "cpu": "x64" }, "sha512-d2DMQnsXAkZDDk9bU/FhY/D74tbMAkboIGb+hq7kIIgOVcxOswhwLFZ/ajW/9NTesktz8Z14t40Ber+/Pny25A=="],

    "@typescript/native-preview-linux-arm": ["@typescript/native-preview-linux-arm@7.0.0-dev.20250904.1", "", { "os": "linux", "cpu": "arm" }, "sha512-YyfTK1SGmfeDJv6G3vSmVxjM914Xio7O57NzRKOyEQnmBT5tdXTzeWgkjrUh1jE8wCUu0f0ZZ+xDTwgys+E2ug=="],

    "@typescript/native-preview-linux-arm64": ["@typescript/native-preview-linux-arm64@7.0.0-dev.20250904.1", "", { "os": "linux", "cpu": "arm64" }, "sha512-+fv13RDSk+7wFYY846q5ig7X6G07JT7wbajk6p4rELXTIfS1c6gRHGhODETCfFVaPziP4IlvqyinNP8F8wc9uQ=="],

    "@typescript/native-preview-linux-x64": ["@typescript/native-preview-linux-x64@7.0.0-dev.20250904.1", "", { "os": "linux", "cpu": "x64" }, "sha512-BjWJI42cUUilIyQHZpQQeSjC/Ifj/UaIf4oj6lRHDcg5qgLHWe5bAUxuNjE6i7wi+TTN9YxUvBDkMAcm/hI8wg=="],

    "@typescript/native-preview-win32-arm64": ["@typescript/native-preview-win32-arm64@7.0.0-dev.20250904.1", "", { "os": "win32", "cpu": "arm64" }, "sha512-rPv/mVaneZTuFESk/zDg3dFiZjpdipVMcLaF10Ns1fIyWdZ0ja79Ufm1eCFbk8KFNEX2dEx+vFEvD9n4bhEneg=="],

    "@typescript/native-preview-win32-x64": ["@typescript/native-preview-win32-x64@7.0.0-dev.20250904.1", "", { "os": "win32", "cpu": "x64" }, "sha512-+twwqKYEv5UdZX5FRaBo0bDQgw/uPQjU3hqaqaO0Dhp1Ou8Ce4oi5hgwauB1j29JwBbvOi9/yoEcjsjT2Wsaxw=="],

    "args-tokens": ["args-tokens@0.20.1", "", {}, "sha512-pQ5R5TsJyx94zsgSCCQ9kzOgUfMmI4bkqNjgSSt2C92mzPCvovoUMMW6HqR+35mHZ0cb1++MD2uAOLm62sGC+Q=="],

    "bun-types": ["bun-types@1.2.2", "", { "dependencies": { "@types/node": "*", "@types/ws": "~8.5.10" } }, "sha512-RCbMH5elr9gjgDGDhkTTugA21XtJAy/9jkKe/G3WR2q17VPGhcquf9Sir6uay9iW+7P/BV0CAHA1XlHXMAVKHg=="],

    "chalk": ["chalk@5.3.0", "", {}, "sha512-dLitG79d+GV1Nb/VYcCDFivJeK1hiukt9QjRNVOsUtTy1rR1YJsmpGGTZ3qJos+uw7WmWF4wUwBd9jxjocFC2w=="],

    "gunshi": ["gunshi@0.26.3", "", { "dependencies": { "args-tokens": "^0.20.1" } }, "sha512-x/CaxovzDA3KMkrjqow7M1dnsO1CxGMNabBaeGTGdVNtjOMN1G/eK7vjKeJ+zHdFIsWHmo47YQ2DQIESUut2+A=="],

    "oxc-parser": ["oxc-parser@0.74.0", "", { "dependencies": { "@oxc-project/types": "^0.74.0" }, "optionalDependencies": { "@oxc-parser/binding-android-arm64": "0.74.0", "@oxc-parser/binding-darwin-arm64": "0.74.0", "@oxc-parser/binding-darwin-x64": "0.74.0", "@oxc-parser/binding-freebsd-x64": "0.74.0", "@oxc-parser/binding-linux-arm-gnueabihf": "0.74.0", "@oxc-parser/binding-linux-arm-musleabihf": "0.74.0", "@oxc-parser/binding-linux-arm64-gnu": "0.74.0", "@oxc-parser/binding-linux-arm64-musl": "0.74.0", "@oxc-parser/binding-linux-riscv64-gnu": "0.74.0", "@oxc-parser/binding-linux-s390x-gnu": "0.74.0", "@oxc-parser/binding-linux-x64-gnu": "0.74.0", "@oxc-parser/binding-linux-x64-musl": "0.74.0", "@oxc-parser/binding-wasm32-wasi": "0.74.0", "@oxc-parser/binding-win32-arm64-msvc": "0.74.0", "@oxc-parser/binding-win32-x64-msvc": "0.74.0" } }, "sha512-2tDN/ttU8WE6oFh8EzKNam7KE7ZXSG5uXmvX85iNzxdJfMssDWcj3gpYzZi1E04XuE7m3v1dVWl/8BE886vPGw=="],

    "oxlint": ["oxlint@0.15.2", "", { "optionalDependencies": { "@oxlint/darwin-arm64": "0.15.2", "@oxlint/darwin-x64": "0.15.2", "@oxlint/linux-arm64-gnu": "0.15.2", "@oxlint/linux-arm64-musl": "0.15.2", "@oxlint/linux-x64-gnu": "0.15.2", "@oxlint/linux-x64-musl": "0.15.2", "@oxlint/win32-arm64": "0.15.2", "@oxlint/win32-x64": "0.15.2" }, "bin": { "oxlint": "bin/oxlint", "oxc_language_server": "bin/oxc_language_server" } }, "sha512-PPXPimwYaFe0G2tbTf1ZYs0dGNGKbLlPHwfnsfcZ0AaOct4RjyOa5NHtDRFpvOMq3EcKZKVUAztzmUDepkxbSQ=="],

    "prettier": ["prettier@3.6.2", "", { "bin": { "prettier": "bin/prettier.cjs" } }, "sha512-I7AIg5boAr5R0FFtJ6rCfD+LFsWHp81dolrFD8S79U9tb8Az2nGrJncnMSnys+bpQJfRUzqs9hnA81OAA3hCuQ=="],

    "tslib": ["tslib@2.8.1", "", {}, "sha512-oJFu94HQb+KVduSUQL7wnpmqnfmLsOA/nAh6b6EH0wCEoK0/mPeXU6c3wKDV83MkOuHPRHtSXKKU99IBazS/2w=="],

    "undici-types": ["undici-types@6.20.0", "", {}, "sha512-Ny6QZ2Nju20vw1SRHe3d9jVu6gJ+4e3+MMpqu7pqE5HT6WsTSlce++GQmK5UXS8mzV8DSYHrQH+Xrf2jVcuKNg=="],

    "@types/ws/@types/node": ["@types/node@24.3.1", "", { "dependencies": { "undici-types": "~7.10.0" } }, "sha512-3vXmQDXy+woz+gnrTvuvNrPzekOi+Ds0ReMxw0LzBiK3a+1k0kQn9f2NWk+lgD4rJehFUmYy2gMhJ2ZI+7YP9g=="],

    "bun-types/@types/node": ["@types/node@24.3.1", "", { "dependencies": { "undici-types": "~7.10.0" } }, "sha512-3vXmQDXy+woz+gnrTvuvNrPzekOi+Ds0ReMxw0LzBiK3a+1k0kQn9f2NWk+lgD4rJehFUmYy2gMhJ2ZI+7YP9g=="],

    "@types/ws/@types/node/undici-types": ["undici-types@7.10.0", "", {}, "sha512-t5Fy/nfn+14LuOc2KNYg75vZqClpAiqscVvMygNnlsHBFpSXdJaYtXMcdNLpl/Qvc3P2cB3s6lOV51nqsFq4ag=="],

    "bun-types/@types/node/undici-types": ["undici-types@7.10.0", "", {}, "sha512-t5Fy/nfn+14LuOc2KNYg75vZqClpAiqscVvMygNnlsHBFpSXdJaYtXMcdNLpl/Qvc3P2cB3s6lOV51nqsFq4ag=="],
  }
}
